// !$*UTF8*$!
{
	archiveVersion = 1;
	classes = {
	};
	objectVersion = 56;
	objects = {

/* Begin PBXBuildFile section */
		781511852D3F451B0033CFCC /* MovieAppApp.swift in Sources */ = {isa = PBXBuildFile; fileRef = 781511842D3F451B0033CFCC /* MovieAppApp.swift */; };
		781511872D3F451B0033CFCC /* ContentView.swift in Sources */ = {isa = PBXBuildFile; fileRef = 781511862D3F451B0033CFCC /* ContentView.swift */; };
		781511892D3F451D0033CFCC /* Assets.xcassets in Resources */ = {isa = PBXBuildFile; fileRef = 781511882D3F451D0033CFCC /* Assets.xcassets */; };
		7815118C2D3F451D0033CFCC /* Preview Assets.xcassets in Resources */ = {isa = PBXBuildFile; fileRef = 7815118B2D3F451D0033CFCC /* Preview Assets.xcassets */; };
		7815119C2D3F45910033CFCC /* AlamofireClients.swift in Sources */ = {isa = PBXBuildFile; fileRef = 7815119B2D3F45910033CFCC /* AlamofireClients.swift */; };
		7815119E2D3F45980033CFCC /* RemoteDataSource.swift in Sources */ = {isa = PBXBuildFile; fileRef = 7815119D2D3F45980033CFCC /* RemoteDataSource.swift */; };
		781511A12D3F45E30033CFCC /* RxCocoa in Frameworks */ = {isa = PBXBuildFile; productRef = 781511A02D3F45E30033CFCC /* RxCocoa */; };
		781511A32D3F45E30033CFCC /* RxSwift in Frameworks */ = {isa = PBXBuildFile; productRef = 781511A22D3F45E30033CFCC /* RxSwift */; };
		781511A62D3F45F70033CFCC /* Alamofire in Frameworks */ = {isa = PBXBuildFile; productRef = 781511A52D3F45F70033CFCC /* Alamofire */; };
		781511A82D3F45F70033CFCC /* AlamofireDynamic in Frameworks */ = {isa = PBXBuildFile; productRef = 781511A72D3F45F70033CFCC /* AlamofireDynamic */; };
/* End PBXBuildFile section */

/* Begin PBXFileReference section */
		781511812D3F451B0033CFCC /* MovieApp.app */ = {isa = PBXFileReference; explicitFileType = wrapper.application; includeInIndex = 0; path = MovieApp.app; sourceTree = BUILT_PRODUCTS_DIR; };
		781511842D3F451B0033CFCC /* MovieAppApp.swift */ = {isa = PBXFileReference; lastKnownFileType = sourcecode.swift; path = MovieAppApp.swift; sourceTree = "<group>"; };
		781511862D3F451B0033CFCC /* ContentView.swift */ = {isa = PBXFileReference; lastKnownFileType = sourcecode.swift; path = ContentView.swift; sourceTree = "<group>"; };
		781511882D3F451D0033CFCC /* Assets.xcassets */ = {isa = PBXFileReference; lastKnownFileType = folder.assetcatalog; path = Assets.xcassets; sourceTree = "<group>"; };
		7815118B2D3F451D0033CFCC /* Preview Assets.xcassets */ = {isa = PBXFileReference; lastKnownFileType = folder.assetcatalog; path = "Preview Assets.xcassets"; sourceTree = "<group>"; };
		781511982D3F45480033CFCC /* Info.plist */ = {isa = PBXFileReference; lastKnownFileType = text.plist.xml; path = Info.plist; sourceTree = "<group>"; };
		7815119B2D3F45910033CFCC /* AlamofireClients.swift */ = {isa = PBXFileReference; fileEncoding = 4; lastKnownFileType = sourcecode.swift; path = AlamofireClients.swift; sourceTree = "<group>"; };
		7815119D2D3F45980033CFCC /* RemoteDataSource.swift */ = {isa = PBXFileReference; fileEncoding = 4; lastKnownFileType = sourcecode.swift; path = RemoteDataSource.swift; sourceTree = "<group>"; };
/* End PBXFileReference section */

/* Begin PBXFrameworksBuildPhase section */
		7815117E2D3F451B0033CFCC /* Frameworks */ = {
			isa = PBXFrameworksBuildPhase;
			buildActionMask = 2147483647;
			files = (
				781511A62D3F45F70033CFCC /* Alamofire in Frameworks */,
				781511A82D3F45F70033CFCC /* AlamofireDynamic in Frameworks */,
				781511A32D3F45E30033CFCC /* RxSwift in Frameworks */,
				781511A12D3F45E30033CFCC /* RxCocoa in Frameworks */,
			);
			runOnlyForDeploymentPostprocessing = 0;
		};
/* End PBXFrameworksBuildPhase section */

/* Begin PBXGroup section */
		781511782D3F451B0033CFCC = {
			isa = PBXGroup;
			children = (
				781511832D3F451B0033CFCC /* MovieApp */,
				781511822D3F451B0033CFCC /* Products */,
			);
			sourceTree = "<group>";
		};
		781511822D3F451B0033CFCC /* Products */ = {
			isa = PBXGroup;
			children = (
				781511812D3F451B0033CFCC /* MovieApp.app */,
			);
			name = Products;
			sourceTree = "<group>";
		};
		781511832D3F451B0033CFCC /* MovieApp */ = {
			isa = PBXGroup;
			children = (
				781511922D3F45200033CFCC /* App */,
				781511932D3F45260033CFCC /* Core */,
				781511972D3F45380033CFCC /* SupportingFiles */,
				7815118A2D3F451D0033CFCC /* Preview Content */,
			);
			path = MovieApp;
			sourceTree = "<group>";
		};
		7815118A2D3F451D0033CFCC /* Preview Content */ = {
			isa = PBXGroup;
			children = (
				7815118B2D3F451D0033CFCC /* Preview Assets.xcassets */,
			);
			path = "Preview Content";
			sourceTree = "<group>";
		};
		781511922D3F45200033CFCC /* App */ = {
			isa = PBXGroup;
			children = (
				781511842D3F451B0033CFCC /* MovieAppApp.swift */,
				781511862D3F451B0033CFCC /* ContentView.swift */,
			);
			path = App;
			sourceTree = "<group>";
		};
		781511932D3F45260033CFCC /* Core */ = {
			isa = PBXGroup;
			children = (
				781511942D3F452C0033CFCC /* Data */,
			);
			path = Core;
			sourceTree = "<group>";
		};
		781511942D3F452C0033CFCC /* Data */ = {
			isa = PBXGroup;
			children = (
				781511962D3F45340033CFCC /* Client */,
				781511952D3F452F0033CFCC /* Remote */,
			);
			path = Data;
			sourceTree = "<group>";
		};
		781511952D3F452F0033CFCC /* Remote */ = {
			isa = PBXGroup;
			children = (
				7815119D2D3F45980033CFCC /* RemoteDataSource.swift */,
			);
			path = Remote;
			sourceTree = "<group>";
		};
		781511962D3F45340033CFCC /* Client */ = {
			isa = PBXGroup;
			children = (
				7815119B2D3F45910033CFCC /* AlamofireClients.swift */,
			);
			path = Client;
			sourceTree = "<group>";
		};
		781511972D3F45380033CFCC /* SupportingFiles */ = {
			isa = PBXGroup;
			children = (
				781511982D3F45480033CFCC /* Info.plist */,
				781511882D3F451D0033CFCC /* Assets.xcassets */,
			);
			path = SupportingFiles;
			sourceTree = "<group>";
		};
/* End PBXGroup section */

/* Begin PBXNativeTarget section */
		781511802D3F451B0033CFCC /* MovieApp */ = {
			isa = PBXNativeTarget;
			buildConfigurationList = 7815118F2D3F451D0033CFCC /* Build configuration list for PBXNativeTarget "MovieApp" */;
			buildPhases = (
				7815117D2D3F451B0033CFCC /* Sources */,
				7815117E2D3F451B0033CFCC /* Frameworks */,
				7815117F2D3F451B0033CFCC /* Resources */,
			);
			buildRules = (
			);
			dependencies = (
			);
			name = MovieApp;
			packageProductDependencies = (
				781511A02D3F45E30033CFCC /* RxCocoa */,
				781511A22D3F45E30033CFCC /* RxSwift */,
				781511A52D3F45F70033CFCC /* Alamofire */,
				781511A72D3F45F70033CFCC /* AlamofireDynamic */,
			);
			productName = MovieApp;
			productReference = 781511812D3F451B0033CFCC /* MovieApp.app */;
			productType = "com.apple.product-type.application";
		};
/* End PBXNativeTarget section */

/* Begin PBXProject section */
		781511792D3F451B0033CFCC /* Project object */ = {
			isa = PBXProject;
			attributes = {
				BuildIndependentTargetsInParallel = 1;
				LastSwiftUpdateCheck = 1540;
				LastUpgradeCheck = 1540;
				TargetAttributes = {
					781511802D3F451B0033CFCC = {
						CreatedOnToolsVersion = 15.4;
					};
				};
			};
			buildConfigurationList = 7815117C2D3F451B0033CFCC /* Build configuration list for PBXProject "MovieApp" */;
			compatibilityVersion = "Xcode 14.0";
			developmentRegion = en;
			hasScannedForEncodings = 0;
			knownRegions = (
				en,
				Base,
			);
			mainGroup = 781511782D3F451B0033CFCC;
			packageReferences = (
				7815119F2D3F45E30033CFCC /* XCRemoteSwiftPackageReference "RxSwift" */,
				781511A42D3F45F70033CFCC /* XCRemoteSwiftPackageReference "Alamofire" */,
			);
			productRefGroup = 781511822D3F451B0033CFCC /* Products */;
			projectDirPath = "";
			projectRoot = "";
			targets = (
				781511802D3F451B0033CFCC /* MovieApp */,
			);
		};
/* End PBXProject section */

/* Begin PBXResourcesBuildPhase section */
		7815117F2D3F451B0033CFCC /* Resources */ = {
			isa = PBXResourcesBuildPhase;
			buildActionMask = 2147483647;
			files = (
				7815118C2D3F451D0033CFCC /* Preview Assets.xcassets in Resources */,
				781511892D3F451D0033CFCC /* Assets.xcassets in Resources */,
			);
			runOnlyForDeploymentPostprocessing = 0;
		};
/* End PBXResourcesBuildPhase section */

/* Begin PBXSourcesBuildPhase section */
		7815117D2D3F451B0033CFCC /* Sources */ = {
			isa = PBXSourcesBuildPhase;
			buildActionMask = 2147483647;
			files = (
				7815119E2D3F45980033CFCC /* RemoteDataSource.swift in Sources */,
				781511872D3F451B0033CFCC /* ContentView.swift in Sources */,
				781511852D3F451B0033CFCC /* MovieAppApp.swift in Sources */,
				7815119C2D3F45910033CFCC /* AlamofireClients.swift in Sources */,
			);
			runOnlyForDeploymentPostprocessing = 0;
		};
/* End PBXSourcesBuildPhase section */

/* Begin XCBuildConfiguration section */
		7815118D2D3F451D0033CFCC /* Debug */ = {
			isa = XCBuildConfiguration;
			buildSettings = {
				ALWAYS_SEARCH_USER_PATHS = NO;
				ASSETCATALOG_COMPILER_GENERATE_SWIFT_ASSET_SYMBOL_EXTENSIONS = YES;
				CLANG_ANALYZER_NONNULL = YES;
				CLANG_ANALYZER_NUMBER_OBJECT_CONVERSION = YES_AGGRESSIVE;
				CLANG_CXX_LANGUAGE_STANDARD = "gnu++20";
				CLANG_ENABLE_MODULES = YES;
				CLANG_ENABLE_OBJC_ARC = YES;
				CLANG_ENABLE_OBJC_WEAK = YES;
				CLANG_WARN_BLOCK_CAPTURE_AUTORELEASING = YES;
				CLANG_WARN_BOOL_CONVERSION = YES;
				CLANG_WARN_COMMA = YES;
				CLANG_WARN_CONSTANT_CONVERSION = YES;
				CLANG_WARN_DEPRECATED_OBJC_IMPLEMENTATIONS = YES;
				CLANG_WARN_DIRECT_OBJC_ISA_USAGE = YES_ERROR;
				CLANG_WARN_DOCUMENTATION_COMMENTS = YES;
				CLANG_WARN_EMPTY_BODY = YES;
				CLANG_WARN_ENUM_CONVERSION = YES;
				CLANG_WARN_INFINITE_RECURSION = YES;
				CLANG_WARN_INT_CONVERSION = YES;
				CLANG_WARN_NON_LITERAL_NULL_CONVERSION = YES;
				CLANG_WARN_OBJC_IMPLICIT_RETAIN_SELF = YES;
				CLANG_WARN_OBJC_LITERAL_CONVERSION = YES;
				CLANG_WARN_OBJC_ROOT_CLASS = YES_ERROR;
				CLANG_WARN_QUOTED_INCLUDE_IN_FRAMEWORK_HEADER = YES;
				CLANG_WARN_RANGE_LOOP_ANALYSIS = YES;
				CLANG_WARN_STRICT_PROTOTYPES = YES;
				CLANG_WARN_SUSPICIOUS_MOVE = YES;
				CLANG_WARN_UNGUARDED_AVAILABILITY = YES_AGGRESSIVE;
				CLANG_WARN_UNREACHABLE_CODE = YES;
				CLANG_WARN__DUPLICATE_METHOD_MATCH = YES;
				COPY_PHASE_STRIP = NO;
				DEBUG_INFORMATION_FORMAT = dwarf;
				ENABLE_STRICT_OBJC_MSGSEND = YES;
				ENABLE_TESTABILITY = YES;
				ENABLE_USER_SCRIPT_SANDBOXING = YES;
				GCC_C_LANGUAGE_STANDARD = gnu17;
				GCC_DYNAMIC_NO_PIC = NO;
				GCC_NO_COMMON_BLOCKS = YES;
				GCC_OPTIMIZATION_LEVEL = 0;
				GCC_PREPROCESSOR_DEFINITIONS = (
					"DEBUG=1",
					"$(inherited)",
				);
				GCC_WARN_64_TO_32_BIT_CONVERSION = YES;
				GCC_WARN_ABOUT_RETURN_TYPE = YES_ERROR;
				GCC_WARN_UNDECLARED_SELECTOR = YES;
				GCC_WARN_UNINITIALIZED_AUTOS = YES_AGGRESSIVE;
				GCC_WARN_UNUSED_FUNCTION = YES;
				GCC_WARN_UNUSED_VARIABLE = YES;
				IPHONEOS_DEPLOYMENT_TARGET = 17.5;
				LOCALIZATION_PREFERS_STRING_CATALOGS = YES;
				MTL_ENABLE_DEBUG_INFO = INCLUDE_SOURCE;
				MTL_FAST_MATH = YES;
				ONLY_ACTIVE_ARCH = YES;
				SDKROOT = iphoneos;
				SWIFT_ACTIVE_COMPILATION_CONDITIONS = "DEBUG $(inherited)";
				SWIFT_OPTIMIZATION_LEVEL = "-Onone";
			};
			name = Debug;
		};
		7815118E2D3F451D0033CFCC /* Release */ = {
			isa = XCBuildConfiguration;
			buildSettings = {
				ALWAYS_SEARCH_USER_PATHS = NO;
				ASSETCATALOG_COMPILER_GENERATE_SWIFT_ASSET_SYMBOL_EXTENSIONS = YES;
				CLANG_ANALYZER_NONNULL = YES;
				CLANG_ANALYZER_NUMBER_OBJECT_CONVERSION = YES_AGGRESSIVE;
				CLANG_CXX_LANGUAGE_STANDARD = "gnu++20";
				CLANG_ENABLE_MODULES = YES;
				CLANG_ENABLE_OBJC_ARC = YES;
				CLANG_ENABLE_OBJC_WEAK = YES;
				CLANG_WARN_BLOCK_CAPTURE_AUTORELEASING = YES;
				CLANG_WARN_BOOL_CONVERSION = YES;
				CLANG_WARN_COMMA = YES;
				CLANG_WARN_CONSTANT_CONVERSION = YES;
				CLANG_WARN_DEPRECATED_OBJC_IMPLEMENTATIONS = YES;
				CLANG_WARN_DIRECT_OBJC_ISA_USAGE = YES_ERROR;
				CLANG_WARN_DOCUMENTATION_COMMENTS = YES;
				CLANG_WARN_EMPTY_BODY = YES;
				CLANG_WARN_ENUM_CONVERSION = YES;
				CLANG_WARN_INFINITE_RECURSION = YES;
				CLANG_WARN_INT_CONVERSION = YES;
				CLANG_WARN_NON_LITERAL_NULL_CONVERSION = YES;
				CLANG_WARN_OBJC_IMPLICIT_RETAIN_SELF = YES;
				CLANG_WARN_OBJC_LITERAL_CONVERSION = YES;
				CLANG_WARN_OBJC_ROOT_CLASS = YES_ERROR;
				CLANG_WARN_QUOTED_INCLUDE_IN_FRAMEWORK_HEADER = YES;
				CLANG_WARN_RANGE_LOOP_ANALYSIS = YES;
				CLANG_WARN_STRICT_PROTOTYPES = YES;
				CLANG_WARN_SUSPICIOUS_MOVE = YES;
				CLANG_WARN_UNGUARDED_AVAILABILITY = YES_AGGRESSIVE;
				CLANG_WARN_UNREACHABLE_CODE = YES;
				CLANG_WARN__DUPLICATE_METHOD_MATCH = YES;
				COPY_PHASE_STRIP = NO;
				DEBUG_INFORMATION_FORMAT = "dwarf-with-dsym";
				ENABLE_NS_ASSERTIONS = NO;
				ENABLE_STRICT_OBJC_MSGSEND = YES;
				ENABLE_USER_SCRIPT_SANDBOXING = YES;
				GCC_C_LANGUAGE_STANDARD = gnu17;
				GCC_NO_COMMON_BLOCKS = YES;
				GCC_WARN_64_TO_32_BIT_CONVERSION = YES;
				GCC_WARN_ABOUT_RETURN_TYPE = YES_ERROR;
				GCC_WARN_UNDECLARED_SELECTOR = YES;
				GCC_WARN_UNINITIALIZED_AUTOS = YES_AGGRESSIVE;
				GCC_WARN_UNUSED_FUNCTION = YES;
				GCC_WARN_UNUSED_VARIABLE = YES;
				IPHONEOS_DEPLOYMENT_TARGET = 17.5;
				LOCALIZATION_PREFERS_STRING_CATALOGS = YES;
				MTL_ENABLE_DEBUG_INFO = NO;
				MTL_FAST_MATH = YES;
				SDKROOT = iphoneos;
				SWIFT_COMPILATION_MODE = wholemodule;
				VALIDATE_PRODUCT = YES;
			};
			name = Release;
		};
		781511902D3F451D0033CFCC /* Debug */ = {
			isa = XCBuildConfiguration;
			buildSettings = {
				ASSETCATALOG_COMPILER_APPICON_NAME = AppIcon;
				ASSETCATALOG_COMPILER_GLOBAL_ACCENT_COLOR_NAME = AccentColor;
				CODE_SIGN_STYLE = Automatic;
				CURRENT_PROJECT_VERSION = 1;
				DEVELOPMENT_ASSET_PATHS = "\"MovieApp/Preview Content\"";
				DEVELOPMENT_TEAM = 6A9ARF73RJ;
				ENABLE_PREVIEWS = YES;
				GENERATE_INFOPLIST_FILE = YES;
				INFOPLIST_FILE = MovieApp/SupportingFiles/Info.plist;
				INFOPLIST_KEY_UIApplicationSceneManifest_Generation = YES;
				INFOPLIST_KEY_UIApplicationSupportsIndirectInputEvents = YES;
				INFOPLIST_KEY_UILaunchScreen_Generation = YES;
				INFOPLIST_KEY_UISupportedInterfaceOrientations_iPad = "UIInterfaceOrientationPortrait UIInterfaceOrientationPortraitUpsideDown UIInterfaceOrientationLandscapeLeft UIInterfaceOrientationLandscapeRight";
				INFOPLIST_KEY_UISupportedInterfaceOrientations_iPhone = "UIInterfaceOrientationPortrait UIInterfaceOrientationLandscapeLeft UIInterfaceOrientationLandscapeRight";
				LD_RUNPATH_SEARCH_PATHS = (
					"$(inherited)",
					"@executable_path/Frameworks",
				);
				MARKETING_VERSION = 1.0;
				PRODUCT_BUNDLE_IDENTIFIER = id.co.adji.MovieApp;
				PRODUCT_NAME = "$(TARGET_NAME)";
				SWIFT_EMIT_LOC_STRINGS = YES;
				SWIFT_VERSION = 5.0;
				TARGETED_DEVICE_FAMILY = "1,2";
			};
			name = Debug;
		};
		781511912D3F451D0033CFCC /* Release */ = {
			isa = XCBuildConfiguration;
			buildSettings = {
				ASSETCATALOG_COMPILER_APPICON_NAME = AppIcon;
				ASSETCATALOG_COMPILER_GLOBAL_ACCENT_COLOR_NAME = AccentColor;
				CODE_SIGN_STYLE = Automatic;
				CURRENT_PROJECT_VERSION = 1;
				DEVELOPMENT_ASSET_PATHS = "\"MovieApp/Preview Content\"";
				DEVELOPMENT_TEAM = 6A9ARF73RJ;
				ENABLE_PREVIEWS = YES;
				GENERATE_INFOPLIST_FILE = YES;
				INFOPLIST_FILE = MovieApp/SupportingFiles/Info.plist;
				INFOPLIST_KEY_UIApplicationSceneManifest_Generation = YES;
				INFOPLIST_KEY_UIApplicationSupportsIndirectInputEvents = YES;
				INFOPLIST_KEY_UILaunchScreen_Generation = YES;
				INFOPLIST_KEY_UISupportedInterfaceOrientations_iPad = "UIInterfaceOrientationPortrait UIInterfaceOrientationPortraitUpsideDown UIInterfaceOrientationLandscapeLeft UIInterfaceOrientationLandscapeRight";
				INFOPLIST_KEY_UISupportedInterfaceOrientations_iPhone = "UIInterfaceOrientationPortrait UIInterfaceOrientationLandscapeLeft UIInterfaceOrientationLandscapeRight";
				LD_RUNPATH_SEARCH_PATHS = (
					"$(inherited)",
					"@executable_path/Frameworks",
				);
				MARKETING_VERSION = 1.0;
				PRODUCT_BUNDLE_IDENTIFIER = id.co.adji.MovieApp;
				PRODUCT_NAME = "$(TARGET_NAME)";
				SWIFT_EMIT_LOC_STRINGS = YES;
				SWIFT_VERSION = 5.0;
				TARGETED_DEVICE_FAMILY = "1,2";
			};
			name = Release;
		};
/* End XCBuildConfiguration section */

/* Begin XCConfigurationList section */
		7815117C2D3F451B0033CFCC /* Build configuration list for PBXProject "MovieApp" */ = {
			isa = XCConfigurationList;
			buildConfigurations = (
				7815118D2D3F451D0033CFCC /* Debug */,
				7815118E2D3F451D0033CFCC /* Release */,
			);
			defaultConfigurationIsVisible = 0;
			defaultConfigurationName = Release;
		};
		7815118F2D3F451D0033CFCC /* Build configuration list for PBXNativeTarget "MovieApp" */ = {
			isa = XCConfigurationList;
			buildConfigurations = (
				781511902D3F451D0033CFCC /* Debug */,
				781511912D3F451D0033CFCC /* Release */,
			);
			defaultConfigurationIsVisible = 0;
			defaultConfigurationName = Release;
		};
/* End XCConfigurationList section */

/* Begin XCRemoteSwiftPackageReference section */
		7815119F2D3F45E30033CFCC /* XCRemoteSwiftPackageReference "RxSwift" */ = {
			isa = XCRemoteSwiftPackageReference;
			repositoryURL = "https://github.com/ReactiveX/RxSwift";
			requirement = {
				kind = upToNextMajorVersion;
				minimumVersion = 6.8.0;
			};
		};
		781511A42D3F45F70033CFCC /* XCRemoteSwiftPackageReference "Alamofire" */ = {
			isa = XCRemoteSwiftPackageReference;
			repositoryURL = "https://github.com/Alamofire/Alamofire";
			requirement = {
				kind = upToNextMajorVersion;
				minimumVersion = 5.10.2;
			};
		};
/* End XCRemoteSwiftPackageReference section */

/* Begin XCSwiftPackageProductDependency section */
		781511A02D3F45E30033CFCC /* RxCocoa */ = {
			isa = XCSwiftPackageProductDependency;
			package = 7815119F2D3F45E30033CFCC /* XCRemoteSwiftPackageReference "RxSwift" */;
			productName = RxCocoa;
		};
		781511A22D3F45E30033CFCC /* RxSwift */ = {
			isa = XCSwiftPackageProductDependency;
			package = 7815119F2D3F45E30033CFCC /* XCRemoteSwiftPackageReference "RxSwift" */;
			productName = RxSwift;
		};
		781511A52D3F45F70033CFCC /* Alamofire */ = {
			isa = XCSwiftPackageProductDependency;
			package = 781511A42D3F45F70033CFCC /* XCRemoteSwiftPackageReference "Alamofire" */;
			productName = Alamofire;
		};
		781511A72D3F45F70033CFCC /* AlamofireDynamic */ = {
			isa = XCSwiftPackageProductDependency;
			package = 781511A42D3F45F70033CFCC /* XCRemoteSwiftPackageReference "Alamofire" */;
			productName = AlamofireDynamic;
		};
/* End XCSwiftPackageProductDependency section */
	};
	rootObject = 781511792D3F451B0033CFCC /* Project object */;
}
